
Microsoft Visual Studio Solution File, Format Version 12.00
# Visual Studio Version 17
VisualStudioVersion = 17.9.34728.123
MinimumVisualStudioVersion = 10.0.40219.1
Project("{9A19103F-16F7-4668-BE54-9A1E7A4F7556}") = "CurrencyService", "CurrencyService\CurrencyService.csproj", "{29E188E3-1E6F-4991-9DCD-783893EE126A}"
EndProject
Project("{E53339B2-1760-4266-BCC7-CA923CBCF16C}") = "docker-compose", "docker-compose.dcproj", "{76165656-720D-483C-8748-9A2965624EE3}"
EndProject
Project("{9A19103F-16F7-4668-BE54-9A1E7A4F7556}") = "ExchangeData", "ExchangeData\ExchangeData.csproj", "{B5D1BA54-65C5-44FF-B159-4A0A5162C421}"
EndProject
Project("{9A19103F-16F7-4668-BE54-9A1E7A4F7556}") = "ArchiveCleanupService", "ArchiveCleanupService\ArchiveCleanupService.csproj", "{172AB2AB-5BAD-4CE8-B97C-EA282C8C4B86}"
EndProject
Project("{9A19103F-16F7-4668-BE54-9A1E7A4F7556}") = "CurrencyServiceTests", "CUrrencyServiceTests\CurrencyServiceTests.csproj", "{3FE7D331-E42D-49F5-877B-B222E8078D04}"
EndProject
Project("{2150E333-8FDC-42A3-9474-1A3956D46DE8}") = "Solution Items", "Solution Items", "{F2CBD8B5-D192-4A21-BC7B-81020D1375BB}"
	ProjectSection(SolutionItems) = preProject
		README.md = README.md
	EndProjectSection
EndProject
Global
	GlobalSection(SolutionConfigurationPlatforms) = preSolution
		Debug|Any CPU = Debug|Any CPU
		Release|Any CPU = Release|Any CPU
	EndGlobalSection
	GlobalSection(ProjectConfigurationPlatforms) = postSolution
		{29E188E3-1E6F-4991-9DCD-783893EE126A}.Debug|Any CPU.ActiveCfg = Debug|Any CPU
		{29E188E3-1E6F-4991-9DCD-783893EE126A}.Debug|Any CPU.Build.0 = Debug|Any CPU
		{29E188E3-1E6F-4991-9DCD-783893EE126A}.Release|Any CPU.ActiveCfg = Release|Any CPU
		{29E188E3-1E6F-4991-9DCD-783893EE126A}.Release|Any CPU.Build.0 = Release|Any CPU
		{76165656-720D-483C-8748-9A2965624EE3}.Debug|Any CPU.ActiveCfg = Debug|Any CPU
		{76165656-720D-483C-8748-9A2965624EE3}.Debug|Any CPU.Build.0 = Debug|Any CPU
		{76165656-720D-483C-8748-9A2965624EE3}.Release|Any CPU.ActiveCfg = Release|Any CPU
		{76165656-720D-483C-8748-9A2965624EE3}.Release|Any CPU.Build.0 = Release|Any CPU
		{B5D1BA54-65C5-44FF-B159-4A0A5162C421}.Debug|Any CPU.ActiveCfg = Debug|Any CPU
		{B5D1BA54-65C5-44FF-B159-4A0A5162C421}.Debug|Any CPU.Build.0 = Debug|Any CPU
		{B5D1BA54-65C5-44FF-B159-4A0A5162C421}.Release|Any CPU.ActiveCfg = Release|Any CPU
		{B5D1BA54-65C5-44FF-B159-4A0A5162C421}.Release|Any CPU.Build.0 = Release|Any CPU
		{172AB2AB-5BAD-4CE8-B97C-EA282C8C4B86}.Debug|Any CPU.ActiveCfg = Debug|Any CPU
		{172AB2AB-5BAD-4CE8-B97C-EA282C8C4B86}.Debug|Any CPU.Build.0 = Debug|Any CPU
		{172AB2AB-5BAD-4CE8-B97C-EA282C8C4B86}.Release|Any CPU.ActiveCfg = Release|Any CPU
		{172AB2AB-5BAD-4CE8-B97C-EA282C8C4B86}.Release|Any CPU.Build.0 = Release|Any CPU
		{3FE7D331-E42D-49F5-877B-B222E8078D04}.Debug|Any CPU.ActiveCfg = Debug|Any CPU
		{3FE7D331-E42D-49F5-877B-B222E8078D04}.Debug|Any CPU.Build.0 = Debug|Any CPU
		{3FE7D331-E42D-49F5-877B-B222E8078D04}.Release|Any CPU.ActiveCfg = Release|Any CPU
		{3FE7D331-E42D-49F5-877B-B222E8078D04}.Release|Any CPU.Build.0 = Release|Any CPU
	EndGlobalSection
	GlobalSection(SolutionProperties) = preSolution
		HideSolutionNode = FALSE
	EndGlobalSection
	GlobalSection(ExtensibilityGlobals) = postSolution
		SolutionGuid = {D9B93C07-A004-4382-BD5B-C4FBC48C40AB}
	EndGlobalSection
EndGlobal
